Microsoft Visual Studio Solution File, Format Version 12.00
# Visual Studio Version 17
VisualStudioVersion = 17.5.2.0
MinimumVisualStudioVersion = 10.0.40219.1
Project("{FAE04EC0-301F-11D3-BF4B-00C04F79EFBC}") = "knitnet-auth-api", "knitnet-auth-api\knitnet-auth-api.csproj", "{8FD883AE-9D21-89BC-0343-85CA04C2A92C}"
EndProject
Project("{FAE04EC0-301F-11D3-BF4B-00C04F79EFBC}") = "knitnet-interview-api", "knitnet-interview-api\knitnet-interview-api.csproj", "{EE47CDA7-BC7E-9AE9-CD78-DDD4306DE612}"
EndProject
Project("{FAE04EC0-301F-11D3-BF4B-00C04F79EFBC}") = "knitnet-user-api", "knitnet-user-api\knitnet-user-api.csproj", "{B3D3D6E6-4541-CE14-C30D-4817AD3F6F1F}"
EndProject
Project("{FAE04EC0-301F-11D3-BF4B-00C04F79EFBC}") = "knitnet-verification-api", "knitnet-verification-api\knitnet-verification-api.csproj", "{688939D3-C0A5-D46B-8F83-82571E1CDB90}"
EndProject
Global
	GlobalSection(SolutionConfigurationPlatforms) = preSolution
		Debug|Any CPU = Debug|Any CPU
		Release|Any CPU = Release|Any CPU
	EndGlobalSection
	GlobalSection(ProjectConfigurationPlatforms) = postSolution
		{8FD883AE-9D21-89BC-0343-85CA04C2A92C}.Debug|Any CPU.ActiveCfg = Debug|Any CPU
		{8FD883AE-9D21-89BC-0343-85CA04C2A92C}.Debug|Any CPU.Build.0 = Debug|Any CPU
		{8FD883AE-9D21-89BC-0343-85CA04C2A92C}.Release|Any CPU.ActiveCfg = Release|Any CPU
		{8FD883AE-9D21-89BC-0343-85CA04C2A92C}.Release|Any CPU.Build.0 = Release|Any CPU
		{EE47CDA7-BC7E-9AE9-CD78-DDD4306DE612}.Debug|Any CPU.ActiveCfg = Debug|Any CPU
		{EE47CDA7-BC7E-9AE9-CD78-DDD4306DE612}.Debug|Any CPU.Build.0 = Debug|Any CPU
		{EE47CDA7-BC7E-9AE9-CD78-DDD4306DE612}.Release|Any CPU.ActiveCfg = Release|Any CPU
		{EE47CDA7-BC7E-9AE9-CD78-DDD4306DE612}.Release|Any CPU.Build.0 = Release|Any CPU
		{B3D3D6E6-4541-CE14-C30D-4817AD3F6F1F}.Debug|Any CPU.ActiveCfg = Debug|Any CPU
		{B3D3D6E6-4541-CE14-C30D-4817AD3F6F1F}.Debug|Any CPU.Build.0 = Debug|Any CPU
		{B3D3D6E6-4541-CE14-C30D-4817AD3F6F1F}.Release|Any CPU.ActiveCfg = Release|Any CPU
		{B3D3D6E6-4541-CE14-C30D-4817AD3F6F1F}.Release|Any CPU.Build.0 = Release|Any CPU
		{688939D3-C0A5-D46B-8F83-82571E1CDB90}.Debug|Any CPU.ActiveCfg = Debug|Any CPU
		{688939D3-C0A5-D46B-8F83-82571E1CDB90}.Debug|Any CPU.Build.0 = Debug|Any CPU
		{688939D3-C0A5-D46B-8F83-82571E1CDB90}.Release|Any CPU.ActiveCfg = Release|Any CPU
		{688939D3-C0A5-D46B-8F83-82571E1CDB90}.Release|Any CPU.Build.0 = Release|Any CPU
	EndGlobalSection
	GlobalSection(SolutionProperties) = preSolution
		HideSolutionNode = FALSE
	EndGlobalSection
	GlobalSection(ExtensibilityGlobals) = postSolution
		SolutionGuid = {D81C76BC-2E2E-4C86-8FDA-DF9282D7A224}
	EndGlobalSection
EndGlobal
